
Microsoft Visual Studio Solution File, Format Version 12.00
# Visual Studio Version 16
VisualStudioVersion = 25.0.1706.5
MinimumVisualStudioVersion = 10.0.40219.1
Project("{FAE04EC0-301F-11D3-BF4B-00C04F79EFBC}") = "Scheduling.API", "Scheduling.API\Scheduling.API.csproj", "{E1A02947-4D12-4275-AA18-A4CC9C67635D}"
EndProject
Project("{2150E333-8FDC-42A3-9474-1A3956D46DE8}") = "Solution Items", "Solution Items", "{B1A5514C-1EFC-416D-99D0-4197253329D5}"
	ProjectSection(SolutionItems) = preProject
		.gitignore = .gitignore
	EndProjectSection
EndProject
Project("{FAE04EC0-301F-11D3-BF4B-00C04F79EFBC}") = "Scheduling.Domain", "Scheduling.Domain\Scheduling.Domain.csproj", "{8890948B-C4E4-46E7-9FDF-3E0ACDF2F2F0}"
EndProject
Project("{FAE04EC0-301F-11D3-BF4B-00C04F79EFBC}") = "Scheduling.Application", "Scheduling.Application\Scheduling.Application.csproj", "{E82DE2E4-573D-48B8-B7B7-AB1850CB5D10}"
EndProject
Project("{FAE04EC0-301F-11D3-BF4B-00C04F79EFBC}") = "Scheduling.Infrastructure", "Scheduling.Infrastructure\Scheduling.Infrastructure.csproj", "{7629A4ED-866B-4A63-BC7E-AB0289CECFF3}"
EndProject
Project("{FAE04EC0-301F-11D3-BF4B-00C04F79EFBC}") = "Scheduling.API.Tests", "Scheduling.API.Tests\Scheduling.API.Tests.csproj", "{AE4C77B2-DA48-4D11-8403-83FF4C455D04}"
EndProject
Project("{FAE04EC0-301F-11D3-BF4B-00C04F79EFBC}") = "Scheduling.Application.Tests", "Scheduling.Application.Tests\Scheduling.Application.Tests.csproj", "{E10C5BC7-3B5B-4B68-ABA9-B4C0E84C75F1}"
EndProject
Global
	GlobalSection(SolutionConfigurationPlatforms) = preSolution
		Debug|Any CPU = Debug|Any CPU
		Release|Any CPU = Release|Any CPU
	EndGlobalSection
	GlobalSection(ProjectConfigurationPlatforms) = postSolution
		{E1A02947-4D12-4275-AA18-A4CC9C67635D}.Debug|Any CPU.ActiveCfg = Debug|Any CPU
		{E1A02947-4D12-4275-AA18-A4CC9C67635D}.Debug|Any CPU.Build.0 = Debug|Any CPU
		{E1A02947-4D12-4275-AA18-A4CC9C67635D}.Release|Any CPU.ActiveCfg = Release|Any CPU
		{E1A02947-4D12-4275-AA18-A4CC9C67635D}.Release|Any CPU.Build.0 = Release|Any CPU
		{8890948B-C4E4-46E7-9FDF-3E0ACDF2F2F0}.Debug|Any CPU.ActiveCfg = Debug|Any CPU
		{8890948B-C4E4-46E7-9FDF-3E0ACDF2F2F0}.Debug|Any CPU.Build.0 = Debug|Any CPU
		{8890948B-C4E4-46E7-9FDF-3E0ACDF2F2F0}.Release|Any CPU.ActiveCfg = Release|Any CPU
		{8890948B-C4E4-46E7-9FDF-3E0ACDF2F2F0}.Release|Any CPU.Build.0 = Release|Any CPU
		{E82DE2E4-573D-48B8-B7B7-AB1850CB5D10}.Debug|Any CPU.ActiveCfg = Debug|Any CPU
		{E82DE2E4-573D-48B8-B7B7-AB1850CB5D10}.Debug|Any CPU.Build.0 = Debug|Any CPU
		{E82DE2E4-573D-48B8-B7B7-AB1850CB5D10}.Release|Any CPU.ActiveCfg = Release|Any CPU
		{E82DE2E4-573D-48B8-B7B7-AB1850CB5D10}.Release|Any CPU.Build.0 = Release|Any CPU
		{7629A4ED-866B-4A63-BC7E-AB0289CECFF3}.Debug|Any CPU.ActiveCfg = Debug|Any CPU
		{7629A4ED-866B-4A63-BC7E-AB0289CECFF3}.Debug|Any CPU.Build.0 = Debug|Any CPU
		{7629A4ED-866B-4A63-BC7E-AB0289CECFF3}.Release|Any CPU.ActiveCfg = Release|Any CPU
		{7629A4ED-866B-4A63-BC7E-AB0289CECFF3}.Release|Any CPU.Build.0 = Release|Any CPU
		{248C56D9-97D4-40F1-9F2D-3E25F8396B65}.Debug|Any CPU.ActiveCfg = Debug|Any CPU
		{248C56D9-97D4-40F1-9F2D-3E25F8396B65}.Debug|Any CPU.Build.0 = Debug|Any CPU
		{248C56D9-97D4-40F1-9F2D-3E25F8396B65}.Release|Any CPU.ActiveCfg = Release|Any CPU
		{248C56D9-97D4-40F1-9F2D-3E25F8396B65}.Release|Any CPU.Build.0 = Release|Any CPU
		{AE4C77B2-DA48-4D11-8403-83FF4C455D04}.Debug|Any CPU.ActiveCfg = Debug|Any CPU
		{AE4C77B2-DA48-4D11-8403-83FF4C455D04}.Debug|Any CPU.Build.0 = Debug|Any CPU
		{AE4C77B2-DA48-4D11-8403-83FF4C455D04}.Release|Any CPU.ActiveCfg = Release|Any CPU
		{AE4C77B2-DA48-4D11-8403-83FF4C455D04}.Release|Any CPU.Build.0 = Release|Any CPU
		{E10C5BC7-3B5B-4B68-ABA9-B4C0E84C75F1}.Debug|Any CPU.ActiveCfg = Debug|Any CPU
		{E10C5BC7-3B5B-4B68-ABA9-B4C0E84C75F1}.Debug|Any CPU.Build.0 = Debug|Any CPU
		{E10C5BC7-3B5B-4B68-ABA9-B4C0E84C75F1}.Release|Any CPU.ActiveCfg = Release|Any CPU
		{E10C5BC7-3B5B-4B68-ABA9-B4C0E84C75F1}.Release|Any CPU.Build.0 = Release|Any CPU
	EndGlobalSection
	GlobalSection(SolutionProperties) = preSolution
		HideSolutionNode = FALSE
	EndGlobalSection
	GlobalSection(ExtensibilityGlobals) = postSolution
		SolutionGuid = {17183B87-FB37-4D83-9740-0AA4B6FAEF6C}
	EndGlobalSection
EndGlobal
